
Microsoft Visual Studio Solution File, Format Version 12.00
# Visual Studio Version 18
VisualStudioVersion = 18.4.11612.150
MinimumVisualStudioVersion = 10.0.40219.1
Project("{FAE04EC0-301F-11D3-BF4B-00C04F79EFBC}") = "Qx.Sprite.Utils", "Src\Core\Qx.Sprite.Utils\Qx.Sprite.Utils.csproj", "{778974B2-7412-FBA9-3123-CFB57F3436D4}"
EndProject
Project("{2150E333-8FDC-42A3-9474-1A3956D46DE8}") = "Src", "Src", "{02EA681E-C7D8-13C7-8484-4AC65E1B71E8}"
EndProject
Project("{2150E333-8FDC-42A3-9474-1A3956D46DE8}") = "Core", "Core", "{B5E8FD5E-E7E2-4B3F-BA07-5E03941DC6DA}"
EndProject
Project("{2150E333-8FDC-42A3-9474-1A3956D46DE8}") = "Solution Items", "Solution Items", "{EE270ABF-AD1C-4F50-99C8-F74F993F1800}"
	ProjectSection(SolutionItems) = preProject
		.editorconfig = .editorconfig
		.github\workflows\build-release.yml = .github\workflows\build-release.yml
		Directory.Build.props = Directory.Build.props
	EndProjectSection
EndProject
Project("{FAE04EC0-301F-11D3-BF4B-00C04F79EFBC}") = "Qx.Sprite.Core", "Src\Core\Qx.Sprite.Core\Qx.Sprite.Core.csproj", "{E1310031-2084-A658-A494-96779D14394F}"
EndProject
Project("{FAE04EC0-301F-11D3-BF4B-00C04F79EFBC}") = "Qx.Sprite.Log4Net", "Src\Core\Qx.Sprite.Log4Net\Qx.Sprite.Log4Net.csproj", "{22C0BF23-351E-2F1B-43AC-0320539340FC}"
EndProject
Project("{2150E333-8FDC-42A3-9474-1A3956D46DE8}") = "System", "System", "{4000D9D6-37D2-48F0-851E-CFA4389D3F9B}"
EndProject
Project("{FAE04EC0-301F-11D3-BF4B-00C04F79EFBC}") = "Qx.Sprite.Serilog.SQLite", "Src\Core\Qx.Sprite.Serilog\Qx.Sprite.Serilog.SQLite.csproj", "{49C39DFA-BD2C-32A2-A2F3-50074AC1A716}"
EndProject
Project("{FAE04EC0-301F-11D3-BF4B-00C04F79EFBC}") = "Qx.Sprite.DDD", "Src\System\Qx.Sprite.DDD\Qx.Sprite.DDD.csproj", "{61878A3C-EA25-DBBF-C57D-E613EEA249A3}"
EndProject
Project("{FAE04EC0-301F-11D3-BF4B-00C04F79EFBC}") = "Qx.Sprite.EFCore", "Src\System\Qx.Sprite.EFCore\Qx.Sprite.EFCore.csproj", "{EBBC0678-A6C2-6EF4-3953-68B0418937E0}"
EndProject
Project("{2150E333-8FDC-42A3-9474-1A3956D46DE8}") = "Test", "Test", "{C222BBC3-EB69-416C-A012-26CE0C7633F6}"
EndProject
Project("{2150E333-8FDC-42A3-9474-1A3956D46DE8}") = "System", "System", "{64767DC0-99F6-46E3-B6A2-1E659FAB4FB8}"
EndProject
Project("{FAE04EC0-301F-11D3-BF4B-00C04F79EFBC}") = "Qx.Sprite.EFCoreTests", "Test\System\Qx.Sprite.EFCoreTests\Qx.Sprite.EFCoreTests.csproj", "{58A2E55E-3FE9-A81A-1C7E-67CCDAE1C2CA}"
EndProject
Project("{FAE04EC0-301F-11D3-BF4B-00C04F79EFBC}") = "Qx.Sprite.AppIdAuth", "Src\System\Qx.Sprite.AppIdAuth\Qx.Sprite.AppIdAuth.csproj", "{4A0345BF-3F96-614D-895C-131059853FD0}"
EndProject
Project("{FAE04EC0-301F-11D3-BF4B-00C04F79EFBC}") = "Qx.Sprite.Mvc", "Src\System\Qx.Sprite.Mvc\Qx.Sprite.Mvc.csproj", "{B6D07C93-7F0F-2CE3-9A5F-9E68CD15738A}"
EndProject
Project("{FAE04EC0-301F-11D3-BF4B-00C04F79EFBC}") = "Qx.Sprite.Swagger", "Src\System\Qx.Sprite.Swagger\Qx.Sprite.Swagger.csproj", "{DAF441EB-186C-F885-4E9D-472D1A32E567}"
EndProject
Project("{FAE04EC0-301F-11D3-BF4B-00C04F79EFBC}") = "Qx.Sprite.MVCTests", "Test\System\Qx.Sprite.MVCTests\Qx.Sprite.MVCTests.csproj", "{CC01A404-F99E-31A1-68CB-24EC1DAEC035}"
EndProject
Project("{FAE04EC0-301F-11D3-BF4B-00C04F79EFBC}") = "Qx.Sprite.MemoryCache", "Src\System\Qx.Sprite.MemoryCache\Qx.Sprite.MemoryCache.csproj", "{B2BD3CE6-D359-3249-3FDD-3CEFFA79F4DE}"
EndProject
Project("{FAE04EC0-301F-11D3-BF4B-00C04F79EFBC}") = "Qx.Sprite.MemoryCacheTests", "Test\System\Qx.Sprite.MemoryCacheTests\Qx.Sprite.MemoryCacheTests.csproj", "{F64BC684-CEED-B8F4-8915-46716C20C0AF}"
EndProject
Project("{FAE04EC0-301F-11D3-BF4B-00C04F79EFBC}") = "Qx.Sprite.JwtAuth", "Src\System\Qx.Sprite.JwtAuth\Qx.Sprite.JwtAuth.csproj", "{207E66B7-4AB5-3281-A8F8-23C2F993700C}"
EndProject
Project("{2150E333-8FDC-42A3-9474-1A3956D46DE8}") = "Application", "Application", "{D78646C5-1BC5-4F6C-96F9-3F34F6394E7E}"
EndProject
Project("{FAE04EC0-301F-11D3-BF4B-00C04F79EFBC}") = "Qx.Sprite.OAuth", "Src\Application\Qx.Sprite.OAuth\Qx.Sprite.OAuth.csproj", "{CD76697C-1EEA-7980-1B93-7B0323CCC9AD}"
EndProject
Project("{FAE04EC0-301F-11D3-BF4B-00C04F79EFBC}") = "Qx.Sprite.Permission", "Src\Application\Qx.Sprite.Permission\Qx.Sprite.Permission.csproj", "{6C31A872-FDE7-991F-246E-DBA240788EB0}"
EndProject
Project("{2150E333-8FDC-42A3-9474-1A3956D46DE8}") = "Core", "Core", "{0A7582FE-F051-44E3-AC72-5532D9FB8B53}"
EndProject
Project("{FAE04EC0-301F-11D3-BF4B-00C04F79EFBC}") = "Qx.Sprite.CoreTests", "Test\Core\Qx.Sprite.CoreTests\Qx.Sprite.CoreTests.csproj", "{F7D34464-5778-9C8E-4416-B77DDBB3A534}"
EndProject
Project("{FAE04EC0-301F-11D3-BF4B-00C04F79EFBC}") = "Qx.Sprite.DDDTests", "Test\System\Qx.Sprite.DDDTests\Qx.Sprite.DDDTests.csproj", "{C560AE71-22AE-CEB6-F5A6-BD12AE1D4889}"
EndProject
Project("{FAE04EC0-301F-11D3-BF4B-00C04F79EFBC}") = "Qx.Sprite.Cap", "Src\System\Qx.Sprite.Cap\Qx.Sprite.Cap.csproj", "{859EA4B3-4213-9229-EA67-319405F41799}"
EndProject
Project("{FAE04EC0-301F-11D3-BF4B-00C04F79EFBC}") = "Qx.Sprite.HangfireJob", "Src\System\Qx.Sprite.HangfireJob\Qx.Sprite.HangfireJob.csproj", "{F86B285B-2B33-1048-4052-16F52DE18613}"
EndProject
Project("{FAE04EC0-301F-11D3-BF4B-00C04F79EFBC}") = "Qx.Sprite.TenantManager", "Src\Application\Qx.Sprite.TenantManager\Qx.Sprite.TenantManager.csproj", "{63510507-3A76-4495-B666-49152C3E3986}"
EndProject
Project("{FAE04EC0-301F-11D3-BF4B-00C04F79EFBC}") = "Qx.Sprite.ObjectMapper.Mapster", "Src\System\Qx.Sprite.ObjectMapper.Mapster\Qx.Sprite.ObjectMapper.Mapster.csproj", "{5D2D06C6-720A-426F-99E2-73DE32246432}"
EndProject
Project("{FAE04EC0-301F-11D3-BF4B-00C04F79EFBC}") = "Qx.Sprite.ObjectMapper.MapsterTests", "Test\System\Qx.Sprite.ObjectMapper.MapsterTests\Qx.Sprite.ObjectMapper.MapsterTests.csproj", "{71C42C29-F8FF-E019-14B3-7CD4A4563869}"
EndProject
Project("{FAE04EC0-301F-11D3-BF4B-00C04F79EFBC}") = "Qx.Sprite.EnumToDictionary", "Src\Application\Qx.Sprite.EnumToDictionary\Qx.Sprite.EnumToDictionary.csproj", "{2D30022F-28AC-908D-BE8A-157BC363A176}"
EndProject
Project("{2150E333-8FDC-42A3-9474-1A3956D46DE8}") = "Application", "Application", "{1786D27C-1261-4F63-88C1-EFE4A78C632B}"
EndProject
Project("{FAE04EC0-301F-11D3-BF4B-00C04F79EFBC}") = "Qx.Sprite.EnumToDictionaryTests", "Test\Application\Qx.Sprite.EnumToDictionaryTests\Qx.Sprite.EnumToDictionaryTests.csproj", "{5AA1ED8A-4FC6-51AA-046A-3CA3F67E4F96}"
EndProject
Project("{FAE04EC0-301F-11D3-BF4B-00C04F79EFBC}") = "Qx.Sprite.ObjectMapper.AutoMapper", "Src\System\Qx.Sprite.ObjectMapper.AutoMapper\Qx.Sprite.ObjectMapper.AutoMapper.csproj", "{2E486BC9-FF25-4480-F5EB-ED8ABB76388B}"
EndProject
Project("{2150E333-8FDC-42A3-9474-1A3956D46DE8}") = "Properties", "Properties", "{6D49783C-5AFC-4664-AA79-196A1798E6F0}"
	ProjectSection(SolutionItems) = preProject
		Properties\stylecop\GlobalStylecopSuppressions.cs = Properties\stylecop\GlobalStylecopSuppressions.cs
		Properties\stylecop\TestStylecopSuppressions.cs = Properties\stylecop\TestStylecopSuppressions.cs
	EndProjectSection
EndProject
Project("{FAE04EC0-301F-11D3-BF4B-00C04F79EFBC}") = "Qx.Sprite.TestHost", "Test\Core\Qx.Sprite.TestHost\Qx.Sprite.TestHost.csproj", "{3408387E-25FA-86AF-B637-FA2880AFAAA6}"
EndProject
Global
	GlobalSection(SolutionConfigurationPlatforms) = preSolution
		Debug|Any CPU = Debug|Any CPU
		Release|Any CPU = Release|Any CPU
	EndGlobalSection
	GlobalSection(ProjectConfigurationPlatforms) = postSolution
		{778974B2-7412-FBA9-3123-CFB57F3436D4}.Debug|Any CPU.ActiveCfg = Debug|Any CPU
		{778974B2-7412-FBA9-3123-CFB57F3436D4}.Debug|Any CPU.Build.0 = Debug|Any CPU
		{778974B2-7412-FBA9-3123-CFB57F3436D4}.Release|Any CPU.ActiveCfg = Release|Any CPU
		{778974B2-7412-FBA9-3123-CFB57F3436D4}.Release|Any CPU.Build.0 = Release|Any CPU
		{E1310031-2084-A658-A494-96779D14394F}.Debug|Any CPU.ActiveCfg = Debug|Any CPU
		{E1310031-2084-A658-A494-96779D14394F}.Debug|Any CPU.Build.0 = Debug|Any CPU
		{E1310031-2084-A658-A494-96779D14394F}.Release|Any CPU.ActiveCfg = Release|Any CPU
		{E1310031-2084-A658-A494-96779D14394F}.Release|Any CPU.Build.0 = Release|Any CPU
		{22C0BF23-351E-2F1B-43AC-0320539340FC}.Debug|Any CPU.ActiveCfg = Debug|Any CPU
		{22C0BF23-351E-2F1B-43AC-0320539340FC}.Debug|Any CPU.Build.0 = Debug|Any CPU
		{22C0BF23-351E-2F1B-43AC-0320539340FC}.Release|Any CPU.ActiveCfg = Release|Any CPU
		{22C0BF23-351E-2F1B-43AC-0320539340FC}.Release|Any CPU.Build.0 = Release|Any CPU
		{49C39DFA-BD2C-32A2-A2F3-50074AC1A716}.Debug|Any CPU.ActiveCfg = Debug|Any CPU
		{49C39DFA-BD2C-32A2-A2F3-50074AC1A716}.Debug|Any CPU.Build.0 = Debug|Any CPU
		{49C39DFA-BD2C-32A2-A2F3-50074AC1A716}.Release|Any CPU.ActiveCfg = Release|Any CPU
		{49C39DFA-BD2C-32A2-A2F3-50074AC1A716}.Release|Any CPU.Build.0 = Release|Any CPU
		{61878A3C-EA25-DBBF-C57D-E613EEA249A3}.Debug|Any CPU.ActiveCfg = Debug|Any CPU
		{61878A3C-EA25-DBBF-C57D-E613EEA249A3}.Debug|Any CPU.Build.0 = Debug|Any CPU
		{61878A3C-EA25-DBBF-C57D-E613EEA249A3}.Release|Any CPU.ActiveCfg = Release|Any CPU
		{61878A3C-EA25-DBBF-C57D-E613EEA249A3}.Release|Any CPU.Build.0 = Release|Any CPU
		{EBBC0678-A6C2-6EF4-3953-68B0418937E0}.Debug|Any CPU.ActiveCfg = Debug|Any CPU
		{EBBC0678-A6C2-6EF4-3953-68B0418937E0}.Debug|Any CPU.Build.0 = Debug|Any CPU
		{EBBC0678-A6C2-6EF4-3953-68B0418937E0}.Release|Any CPU.ActiveCfg = Release|Any CPU
		{EBBC0678-A6C2-6EF4-3953-68B0418937E0}.Release|Any CPU.Build.0 = Release|Any CPU
		{58A2E55E-3FE9-A81A-1C7E-67CCDAE1C2CA}.Debug|Any CPU.ActiveCfg = Debug|Any CPU
		{58A2E55E-3FE9-A81A-1C7E-67CCDAE1C2CA}.Debug|Any CPU.Build.0 = Debug|Any CPU
		{58A2E55E-3FE9-A81A-1C7E-67CCDAE1C2CA}.Release|Any CPU.ActiveCfg = Release|Any CPU
		{58A2E55E-3FE9-A81A-1C7E-67CCDAE1C2CA}.Release|Any CPU.Build.0 = Release|Any CPU
		{4A0345BF-3F96-614D-895C-131059853FD0}.Debug|Any CPU.ActiveCfg = Debug|Any CPU
		{4A0345BF-3F96-614D-895C-131059853FD0}.Debug|Any CPU.Build.0 = Debug|Any CPU
		{4A0345BF-3F96-614D-895C-131059853FD0}.Release|Any CPU.ActiveCfg = Release|Any CPU
		{4A0345BF-3F96-614D-895C-131059853FD0}.Release|Any CPU.Build.0 = Release|Any CPU
		{B6D07C93-7F0F-2CE3-9A5F-9E68CD15738A}.Debug|Any CPU.ActiveCfg = Debug|Any CPU
		{B6D07C93-7F0F-2CE3-9A5F-9E68CD15738A}.Debug|Any CPU.Build.0 = Debug|Any CPU
		{B6D07C93-7F0F-2CE3-9A5F-9E68CD15738A}.Release|Any CPU.ActiveCfg = Release|Any CPU
		{B6D07C93-7F0F-2CE3-9A5F-9E68CD15738A}.Release|Any CPU.Build.0 = Release|Any CPU
		{DAF441EB-186C-F885-4E9D-472D1A32E567}.Debug|Any CPU.ActiveCfg = Debug|Any CPU
		{DAF441EB-186C-F885-4E9D-472D1A32E567}.Debug|Any CPU.Build.0 = Debug|Any CPU
		{DAF441EB-186C-F885-4E9D-472D1A32E567}.Release|Any CPU.ActiveCfg = Release|Any CPU
		{DAF441EB-186C-F885-4E9D-472D1A32E567}.Release|Any CPU.Build.0 = Release|Any CPU
		{CC01A404-F99E-31A1-68CB-24EC1DAEC035}.Debug|Any CPU.ActiveCfg = Debug|Any CPU
		{CC01A404-F99E-31A1-68CB-24EC1DAEC035}.Debug|Any CPU.Build.0 = Debug|Any CPU
		{CC01A404-F99E-31A1-68CB-24EC1DAEC035}.Release|Any CPU.ActiveCfg = Release|Any CPU
		{CC01A404-F99E-31A1-68CB-24EC1DAEC035}.Release|Any CPU.Build.0 = Release|Any CPU
		{B2BD3CE6-D359-3249-3FDD-3CEFFA79F4DE}.Debug|Any CPU.ActiveCfg = Debug|Any CPU
		{B2BD3CE6-D359-3249-3FDD-3CEFFA79F4DE}.Debug|Any CPU.Build.0 = Debug|Any CPU
		{B2BD3CE6-D359-3249-3FDD-3CEFFA79F4DE}.Release|Any CPU.ActiveCfg = Release|Any CPU
		{B2BD3CE6-D359-3249-3FDD-3CEFFA79F4DE}.Release|Any CPU.Build.0 = Release|Any CPU
		{F64BC684-CEED-B8F4-8915-46716C20C0AF}.Debug|Any CPU.ActiveCfg = Debug|Any CPU
		{F64BC684-CEED-B8F4-8915-46716C20C0AF}.Debug|Any CPU.Build.0 = Debug|Any CPU
		{F64BC684-CEED-B8F4-8915-46716C20C0AF}.Release|Any CPU.ActiveCfg = Release|Any CPU
		{F64BC684-CEED-B8F4-8915-46716C20C0AF}.Release|Any CPU.Build.0 = Release|Any CPU
		{207E66B7-4AB5-3281-A8F8-23C2F993700C}.Debug|Any CPU.ActiveCfg = Debug|Any CPU
		{207E66B7-4AB5-3281-A8F8-23C2F993700C}.Debug|Any CPU.Build.0 = Debug|Any CPU
		{207E66B7-4AB5-3281-A8F8-23C2F993700C}.Release|Any CPU.ActiveCfg = Release|Any CPU
		{207E66B7-4AB5-3281-A8F8-23C2F993700C}.Release|Any CPU.Build.0 = Release|Any CPU
		{CD76697C-1EEA-7980-1B93-7B0323CCC9AD}.Debug|Any CPU.ActiveCfg = Debug|Any CPU
		{CD76697C-1EEA-7980-1B93-7B0323CCC9AD}.Debug|Any CPU.Build.0 = Debug|Any CPU
		{CD76697C-1EEA-7980-1B93-7B0323CCC9AD}.Release|Any CPU.ActiveCfg = Release|Any CPU
		{CD76697C-1EEA-7980-1B93-7B0323CCC9AD}.Release|Any CPU.Build.0 = Release|Any CPU
		{6C31A872-FDE7-991F-246E-DBA240788EB0}.Debug|Any CPU.ActiveCfg = Debug|Any CPU
		{6C31A872-FDE7-991F-246E-DBA240788EB0}.Debug|Any CPU.Build.0 = Debug|Any CPU
		{6C31A872-FDE7-991F-246E-DBA240788EB0}.Release|Any CPU.ActiveCfg = Release|Any CPU
		{6C31A872-FDE7-991F-246E-DBA240788EB0}.Release|Any CPU.Build.0 = Release|Any CPU
		{F7D34464-5778-9C8E-4416-B77DDBB3A534}.Debug|Any CPU.ActiveCfg = Debug|Any CPU
		{F7D34464-5778-9C8E-4416-B77DDBB3A534}.Debug|Any CPU.Build.0 = Debug|Any CPU
		{F7D34464-5778-9C8E-4416-B77DDBB3A534}.Release|Any CPU.ActiveCfg = Release|Any CPU
		{F7D34464-5778-9C8E-4416-B77DDBB3A534}.Release|Any CPU.Build.0 = Release|Any CPU
		{C560AE71-22AE-CEB6-F5A6-BD12AE1D4889}.Debug|Any CPU.ActiveCfg = Debug|Any CPU
		{C560AE71-22AE-CEB6-F5A6-BD12AE1D4889}.Debug|Any CPU.Build.0 = Debug|Any CPU
		{C560AE71-22AE-CEB6-F5A6-BD12AE1D4889}.Release|Any CPU.ActiveCfg = Release|Any CPU
		{C560AE71-22AE-CEB6-F5A6-BD12AE1D4889}.Release|Any CPU.Build.0 = Release|Any CPU
		{859EA4B3-4213-9229-EA67-319405F41799}.Debug|Any CPU.ActiveCfg = Debug|Any CPU
		{859EA4B3-4213-9229-EA67-319405F41799}.Debug|Any CPU.Build.0 = Debug|Any CPU
		{859EA4B3-4213-9229-EA67-319405F41799}.Release|Any CPU.ActiveCfg = Release|Any CPU
		{859EA4B3-4213-9229-EA67-319405F41799}.Release|Any CPU.Build.0 = Release|Any CPU
		{F86B285B-2B33-1048-4052-16F52DE18613}.Debug|Any CPU.ActiveCfg = Debug|Any CPU
		{F86B285B-2B33-1048-4052-16F52DE18613}.Debug|Any CPU.Build.0 = Debug|Any CPU
		{F86B285B-2B33-1048-4052-16F52DE18613}.Release|Any CPU.ActiveCfg = Release|Any CPU
		{F86B285B-2B33-1048-4052-16F52DE18613}.Release|Any CPU.Build.0 = Release|Any CPU
		{63510507-3A76-4495-B666-49152C3E3986}.Debug|Any CPU.ActiveCfg = Debug|Any CPU
		{63510507-3A76-4495-B666-49152C3E3986}.Debug|Any CPU.Build.0 = Debug|Any CPU
		{63510507-3A76-4495-B666-49152C3E3986}.Release|Any CPU.ActiveCfg = Release|Any CPU
		{63510507-3A76-4495-B666-49152C3E3986}.Release|Any CPU.Build.0 = Release|Any CPU
		{5D2D06C6-720A-426F-99E2-73DE32246432}.Debug|Any CPU.ActiveCfg = Debug|Any CPU
		{5D2D06C6-720A-426F-99E2-73DE32246432}.Debug|Any CPU.Build.0 = Debug|Any CPU
		{5D2D06C6-720A-426F-99E2-73DE32246432}.Release|Any CPU.ActiveCfg = Release|Any CPU
		{5D2D06C6-720A-426F-99E2-73DE32246432}.Release|Any CPU.Build.0 = Release|Any CPU
		{71C42C29-F8FF-E019-14B3-7CD4A4563869}.Debug|Any CPU.ActiveCfg = Debug|Any CPU
		{71C42C29-F8FF-E019-14B3-7CD4A4563869}.Debug|Any CPU.Build.0 = Debug|Any CPU
		{71C42C29-F8FF-E019-14B3-7CD4A4563869}.Release|Any CPU.ActiveCfg = Release|Any CPU
		{71C42C29-F8FF-E019-14B3-7CD4A4563869}.Release|Any CPU.Build.0 = Release|Any CPU
		{2D30022F-28AC-908D-BE8A-157BC363A176}.Debug|Any CPU.ActiveCfg = Debug|Any CPU
		{2D30022F-28AC-908D-BE8A-157BC363A176}.Debug|Any CPU.Build.0 = Debug|Any CPU
		{2D30022F-28AC-908D-BE8A-157BC363A176}.Release|Any CPU.ActiveCfg = Release|Any CPU
		{2D30022F-28AC-908D-BE8A-157BC363A176}.Release|Any CPU.Build.0 = Release|Any CPU
		{5AA1ED8A-4FC6-51AA-046A-3CA3F67E4F96}.Debug|Any CPU.ActiveCfg = Debug|Any CPU
		{5AA1ED8A-4FC6-51AA-046A-3CA3F67E4F96}.Debug|Any CPU.Build.0 = Debug|Any CPU
		{5AA1ED8A-4FC6-51AA-046A-3CA3F67E4F96}.Release|Any CPU.ActiveCfg = Release|Any CPU
		{5AA1ED8A-4FC6-51AA-046A-3CA3F67E4F96}.Release|Any CPU.Build.0 = Release|Any CPU
		{2E486BC9-FF25-4480-F5EB-ED8ABB76388B}.Debug|Any CPU.ActiveCfg = Debug|Any CPU
		{2E486BC9-FF25-4480-F5EB-ED8ABB76388B}.Debug|Any CPU.Build.0 = Debug|Any CPU
		{2E486BC9-FF25-4480-F5EB-ED8ABB76388B}.Release|Any CPU.ActiveCfg = Release|Any CPU
		{2E486BC9-FF25-4480-F5EB-ED8ABB76388B}.Release|Any CPU.Build.0 = Release|Any CPU
		{3408387E-25FA-86AF-B637-FA2880AFAAA6}.Debug|Any CPU.ActiveCfg = Debug|Any CPU
		{3408387E-25FA-86AF-B637-FA2880AFAAA6}.Debug|Any CPU.Build.0 = Debug|Any CPU
		{3408387E-25FA-86AF-B637-FA2880AFAAA6}.Release|Any CPU.ActiveCfg = Release|Any CPU
		{3408387E-25FA-86AF-B637-FA2880AFAAA6}.Release|Any CPU.Build.0 = Release|Any CPU
	EndGlobalSection
	GlobalSection(SolutionProperties) = preSolution
		HideSolutionNode = FALSE
	EndGlobalSection
	GlobalSection(NestedProjects) = preSolution
		{778974B2-7412-FBA9-3123-CFB57F3436D4} = {B5E8FD5E-E7E2-4B3F-BA07-5E03941DC6DA}
		{B5E8FD5E-E7E2-4B3F-BA07-5E03941DC6DA} = {02EA681E-C7D8-13C7-8484-4AC65E1B71E8}
		{E1310031-2084-A658-A494-96779D14394F} = {B5E8FD5E-E7E2-4B3F-BA07-5E03941DC6DA}
		{22C0BF23-351E-2F1B-43AC-0320539340FC} = {B5E8FD5E-E7E2-4B3F-BA07-5E03941DC6DA}
		{4000D9D6-37D2-48F0-851E-CFA4389D3F9B} = {02EA681E-C7D8-13C7-8484-4AC65E1B71E8}
		{49C39DFA-BD2C-32A2-A2F3-50074AC1A716} = {B5E8FD5E-E7E2-4B3F-BA07-5E03941DC6DA}
		{61878A3C-EA25-DBBF-C57D-E613EEA249A3} = {4000D9D6-37D2-48F0-851E-CFA4389D3F9B}
		{EBBC0678-A6C2-6EF4-3953-68B0418937E0} = {4000D9D6-37D2-48F0-851E-CFA4389D3F9B}
		{64767DC0-99F6-46E3-B6A2-1E659FAB4FB8} = {C222BBC3-EB69-416C-A012-26CE0C7633F6}
		{58A2E55E-3FE9-A81A-1C7E-67CCDAE1C2CA} = {64767DC0-99F6-46E3-B6A2-1E659FAB4FB8}
		{4A0345BF-3F96-614D-895C-131059853FD0} = {4000D9D6-37D2-48F0-851E-CFA4389D3F9B}
		{B6D07C93-7F0F-2CE3-9A5F-9E68CD15738A} = {4000D9D6-37D2-48F0-851E-CFA4389D3F9B}
		{DAF441EB-186C-F885-4E9D-472D1A32E567} = {4000D9D6-37D2-48F0-851E-CFA4389D3F9B}
		{CC01A404-F99E-31A1-68CB-24EC1DAEC035} = {64767DC0-99F6-46E3-B6A2-1E659FAB4FB8}
		{B2BD3CE6-D359-3249-3FDD-3CEFFA79F4DE} = {4000D9D6-37D2-48F0-851E-CFA4389D3F9B}
		{F64BC684-CEED-B8F4-8915-46716C20C0AF} = {64767DC0-99F6-46E3-B6A2-1E659FAB4FB8}
		{207E66B7-4AB5-3281-A8F8-23C2F993700C} = {4000D9D6-37D2-48F0-851E-CFA4389D3F9B}
		{D78646C5-1BC5-4F6C-96F9-3F34F6394E7E} = {02EA681E-C7D8-13C7-8484-4AC65E1B71E8}
		{CD76697C-1EEA-7980-1B93-7B0323CCC9AD} = {D78646C5-1BC5-4F6C-96F9-3F34F6394E7E}
		{6C31A872-FDE7-991F-246E-DBA240788EB0} = {D78646C5-1BC5-4F6C-96F9-3F34F6394E7E}
		{0A7582FE-F051-44E3-AC72-5532D9FB8B53} = {C222BBC3-EB69-416C-A012-26CE0C7633F6}
		{F7D34464-5778-9C8E-4416-B77DDBB3A534} = {0A7582FE-F051-44E3-AC72-5532D9FB8B53}
		{C560AE71-22AE-CEB6-F5A6-BD12AE1D4889} = {64767DC0-99F6-46E3-B6A2-1E659FAB4FB8}
		{859EA4B3-4213-9229-EA67-319405F41799} = {4000D9D6-37D2-48F0-851E-CFA4389D3F9B}
		{F86B285B-2B33-1048-4052-16F52DE18613} = {4000D9D6-37D2-48F0-851E-CFA4389D3F9B}
		{63510507-3A76-4495-B666-49152C3E3986} = {D78646C5-1BC5-4F6C-96F9-3F34F6394E7E}
		{5D2D06C6-720A-426F-99E2-73DE32246432} = {4000D9D6-37D2-48F0-851E-CFA4389D3F9B}
		{71C42C29-F8FF-E019-14B3-7CD4A4563869} = {64767DC0-99F6-46E3-B6A2-1E659FAB4FB8}
		{2D30022F-28AC-908D-BE8A-157BC363A176} = {D78646C5-1BC5-4F6C-96F9-3F34F6394E7E}
		{1786D27C-1261-4F63-88C1-EFE4A78C632B} = {C222BBC3-EB69-416C-A012-26CE0C7633F6}
		{5AA1ED8A-4FC6-51AA-046A-3CA3F67E4F96} = {1786D27C-1261-4F63-88C1-EFE4A78C632B}
		{2E486BC9-FF25-4480-F5EB-ED8ABB76388B} = {4000D9D6-37D2-48F0-851E-CFA4389D3F9B}
		{3408387E-25FA-86AF-B637-FA2880AFAAA6} = {0A7582FE-F051-44E3-AC72-5532D9FB8B53}
	EndGlobalSection
	GlobalSection(ExtensibilityGlobals) = postSolution
		SolutionGuid = {395F81C3-F0EF-49C3-8E61-42C87F7A8FDE}
	EndGlobalSection
EndGlobal
